
Microsoft Visual Studio Solution File, Format Version 12.00
# Visual Studio Version 16
VisualStudioVersion = 16.0.31205.134
MinimumVisualStudioVersion = 10.0.40219.1
Project("{FAE04EC0-301F-11D3-BF4B-00C04F79EFBC}") = "LosaCrud", "LosaCrud.csproj", "{CF9A14A8-9F3D-445F-B7B1-6AB2EF905E66}"
EndProject
Global
	GlobalSection(SolutionConfigurationPlatforms) = preSolution
		Debug|Any CPU = Debug|Any CPU
		Release|Any CPU = Release|Any CPU
	EndGlobalSection
	GlobalSection(ProjectConfigurationPlatforms) = postSolution
		{CF9A14A8-9F3D-445F-B7B1-6AB2EF905E66}.Debug|Any CPU.ActiveCfg = Debug|Any CPU
		{CF9A14A8-9F3D-445F-B7B1-6AB2EF905E66}.Debug|Any CPU.Build.0 = Debug|Any CPU
		{CF9A14A8-9F3D-445F-B7B1-6AB2EF905E66}.Release|Any CPU.ActiveCfg = Release|Any CPU
		{CF9A14A8-9F3D-445F-B7B1-6AB2EF905E66}.Release|Any CPU.Build.0 = Release|Any CPU
	EndGlobalSection
	GlobalSection(SolutionProperties) = preSolution
		HideSolutionNode = FALSE
	EndGlobalSection
	GlobalSection(ExtensibilityGlobals) = postSolution
		SolutionGuid = {F4C2E922-B3D5-4EC5-8572-345F1807F646}
	EndGlobalSection
EndGlobal
